
Microsoft Visual Studio Solution File, Format Version 12.00
# Visual Studio 15
VisualStudioVersion = 15.0.28307.779
MinimumVisualStudioVersion = 10.0.40219.1
Project("{FAE04EC0-301F-11D3-BF4B-00C04F79EFBC}") = "DisconnectedLevel", "DisconnectedLevel\DisconnectedLevel.csproj", "{7169E0EE-F994-4E9D-AEDA-FE93A553723D}"
EndProject
Global
	GlobalSection(SolutionConfigurationPlatforms) = preSolution
		Debug|Any CPU = Debug|Any CPU
		Release|Any CPU = Release|Any CPU
	EndGlobalSection
	GlobalSection(ProjectConfigurationPlatforms) = postSolution
		{7169E0EE-F994-4E9D-AEDA-FE93A553723D}.Debug|Any CPU.ActiveCfg = Debug|Any CPU
		{7169E0EE-F994-4E9D-AEDA-FE93A553723D}.Debug|Any CPU.Build.0 = Debug|Any CPU
		{7169E0EE-F994-4E9D-AEDA-FE93A553723D}.Release|Any CPU.ActiveCfg = Release|Any CPU
		{7169E0EE-F994-4E9D-AEDA-FE93A553723D}.Release|Any CPU.Build.0 = Release|Any CPU
	EndGlobalSection
	GlobalSection(SolutionProperties) = preSolution
		HideSolutionNode = FALSE
	EndGlobalSection
	GlobalSection(ExtensibilityGlobals) = postSolution
		SolutionGuid = {13ABA4C8-029C-45B7-BB06-A0313740AD75}
	EndGlobalSection
EndGlobal
